
Microsoft Visual Studio Solution File, Format Version 12.00
# Visual Studio Version 17
VisualStudioVersion = 17.7.34221.43
MinimumVisualStudioVersion = 10.0.40219.1
Project("{F184B08F-C81C-45F6-A57F-5ABD9991F28F}") = "TestePortifolio.ASC.API", "TestePortifolio.ASC.API\TestePortifolio.ASC.API.vbproj", "{1B10EC69-3CC2-4AD0-9562-80194C2C1CB4}"
EndProject
Global
	GlobalSection(SolutionConfigurationPlatforms) = preSolution
		Debug|Any CPU = Debug|Any CPU
		Release|Any CPU = Release|Any CPU
	EndGlobalSection
	GlobalSection(ProjectConfigurationPlatforms) = postSolution
		{1B10EC69-3CC2-4AD0-9562-80194C2C1CB4}.Debug|Any CPU.ActiveCfg = Debug|Any CPU
		{1B10EC69-3CC2-4AD0-9562-80194C2C1CB4}.Debug|Any CPU.Build.0 = Debug|Any CPU
		{1B10EC69-3CC2-4AD0-9562-80194C2C1CB4}.Release|Any CPU.ActiveCfg = Release|Any CPU
		{1B10EC69-3CC2-4AD0-9562-80194C2C1CB4}.Release|Any CPU.Build.0 = Release|Any CPU
	EndGlobalSection
	GlobalSection(SolutionProperties) = preSolution
		HideSolutionNode = FALSE
	EndGlobalSection
	GlobalSection(ExtensibilityGlobals) = postSolution
		SolutionGuid = {780328C0-97F3-42B3-AE3C-6A93FB8E6938}
	EndGlobalSection
EndGlobal
